
Microsoft Visual Studio Solution File, Format Version 12.00
# Visual Studio Version 16
VisualStudioVersion = 16.0.30711.63
MinimumVisualStudioVersion = 10.0.40219.1
Project("{FAE04EC0-301F-11D3-BF4B-00C04F79EFBC}") = "TodoApp", "TodoApp\TodoApp.csproj", "{69DFCF32-A7AD-4349-87F3-F0485A6A6441}"
EndProject
Global
	GlobalSection(SolutionConfigurationPlatforms) = preSolution
		Debug|Any CPU = Debug|Any CPU
		Release|Any CPU = Release|Any CPU
	EndGlobalSection
	GlobalSection(ProjectConfigurationPlatforms) = postSolution
		{69DFCF32-A7AD-4349-87F3-F0485A6A6441}.Debug|Any CPU.ActiveCfg = Debug|Any CPU
		{69DFCF32-A7AD-4349-87F3-F0485A6A6441}.Debug|Any CPU.Build.0 = Debug|Any CPU
		{69DFCF32-A7AD-4349-87F3-F0485A6A6441}.Release|Any CPU.ActiveCfg = Release|Any CPU
		{69DFCF32-A7AD-4349-87F3-F0485A6A6441}.Release|Any CPU.Build.0 = Release|Any CPU
	EndGlobalSection
	GlobalSection(SolutionProperties) = preSolution
		HideSolutionNode = FALSE
	EndGlobalSection
	GlobalSection(ExtensibilityGlobals) = postSolution
		SolutionGuid = {EEAB4F8E-AF16-4872-B0DC-A0A34BCDC337}
	EndGlobalSection
EndGlobal
